
Microsoft Visual Studio Solution File, Format Version 12.00
# Visual Studio 15
VisualStudioVersion = 15.0.27703.2018
MinimumVisualStudioVersion = 10.0.40219.1
Project("{8BC9CEB8-8B4A-11D0-8D11-00A0C91BC942}") = "SampleAppUWP", "SampleAppUWP\SampleAppUWP.vcxproj", "{D1D2EF40-89F0-4A03-BC1C-CA19843A9A63}"
EndProject
Project("{8BC9CEB8-8B4A-11D0-8D11-00A0C91BC942}") = "Bellus3DRuntimeComponent", "..\Bellus3DRuntimeComponent\Bellus3DRuntimeComponent.vcxproj", "{8B4027CC-1AA6-4692-BB63-BBCB50ED5062}"
EndProject
Project("{8BC9CEB8-8B4A-11D0-8D11-00A0C91BC942}") = "WindowsRuntimeComponent1", "WindowsRuntimeComponent1\WindowsRuntimeComponent1.vcxproj", "{23A6AAE5-1F1C-42F6-98BF-B294944BB66A}"
EndProject
Project("{8BC9CEB8-8B4A-11D0-8D11-00A0C91BC942}") = "Bellus3DRTC", "Bellus3DRTC\Bellus3DRTC.vcxproj", "{F164B45C-5387-417D-BAF1-BCC061F23E64}"
EndProject
Global
	GlobalSection(SolutionConfigurationPlatforms) = preSolution
		Debug|ARM = Debug|ARM
		Debug|x64 = Debug|x64
		Debug|x86 = Debug|x86
		Release|ARM = Release|ARM
		Release|x64 = Release|x64
		Release|x86 = Release|x86
	EndGlobalSection
	GlobalSection(ProjectConfigurationPlatforms) = postSolution
		{D1D2EF40-89F0-4A03-BC1C-CA19843A9A63}.Debug|ARM.ActiveCfg = Debug|ARM
		{D1D2EF40-89F0-4A03-BC1C-CA19843A9A63}.Debug|ARM.Build.0 = Debug|ARM
		{D1D2EF40-89F0-4A03-BC1C-CA19843A9A63}.Debug|ARM.Deploy.0 = Debug|ARM
		{D1D2EF40-89F0-4A03-BC1C-CA19843A9A63}.Debug|x64.ActiveCfg = Debug|x64
		{D1D2EF40-89F0-4A03-BC1C-CA19843A9A63}.Debug|x64.Build.0 = Debug|x64
		{D1D2EF40-89F0-4A03-BC1C-CA19843A9A63}.Debug|x64.Deploy.0 = Debug|x64
		{D1D2EF40-89F0-4A03-BC1C-CA19843A9A63}.Debug|x86.ActiveCfg = Debug|Win32
		{D1D2EF40-89F0-4A03-BC1C-CA19843A9A63}.Debug|x86.Build.0 = Debug|Win32
		{D1D2EF40-89F0-4A03-BC1C-CA19843A9A63}.Debug|x86.Deploy.0 = Debug|Win32
		{D1D2EF40-89F0-4A03-BC1C-CA19843A9A63}.Release|ARM.ActiveCfg = Release|ARM
		{D1D2EF40-89F0-4A03-BC1C-CA19843A9A63}.Release|ARM.Build.0 = Release|ARM
		{D1D2EF40-89F0-4A03-BC1C-CA19843A9A63}.Release|ARM.Deploy.0 = Release|ARM
		{D1D2EF40-89F0-4A03-BC1C-CA19843A9A63}.Release|x64.ActiveCfg = Release|x64
		{D1D2EF40-89F0-4A03-BC1C-CA19843A9A63}.Release|x64.Build.0 = Release|x64
		{D1D2EF40-89F0-4A03-BC1C-CA19843A9A63}.Release|x64.Deploy.0 = Release|x64
		{D1D2EF40-89F0-4A03-BC1C-CA19843A9A63}.Release|x86.ActiveCfg = Release|Win32
		{D1D2EF40-89F0-4A03-BC1C-CA19843A9A63}.Release|x86.Build.0 = Release|Win32
		{D1D2EF40-89F0-4A03-BC1C-CA19843A9A63}.Release|x86.Deploy.0 = Release|Win32
		{8B4027CC-1AA6-4692-BB63-BBCB50ED5062}.Debug|ARM.ActiveCfg = Debug|ARM
		{8B4027CC-1AA6-4692-BB63-BBCB50ED5062}.Debug|ARM.Build.0 = Debug|ARM
		{8B4027CC-1AA6-4692-BB63-BBCB50ED5062}.Debug|x64.ActiveCfg = Debug|x64
		{8B4027CC-1AA6-4692-BB63-BBCB50ED5062}.Debug|x64.Build.0 = Debug|x64
		{8B4027CC-1AA6-4692-BB63-BBCB50ED5062}.Debug|x86.ActiveCfg = Debug|Win32
		{8B4027CC-1AA6-4692-BB63-BBCB50ED5062}.Debug|x86.Build.0 = Debug|Win32
		{8B4027CC-1AA6-4692-BB63-BBCB50ED5062}.Release|ARM.ActiveCfg = Release|ARM
		{8B4027CC-1AA6-4692-BB63-BBCB50ED5062}.Release|ARM.Build.0 = Release|ARM
		{8B4027CC-1AA6-4692-BB63-BBCB50ED5062}.Release|x64.ActiveCfg = Release|x64
		{8B4027CC-1AA6-4692-BB63-BBCB50ED5062}.Release|x64.Build.0 = Release|x64
		{8B4027CC-1AA6-4692-BB63-BBCB50ED5062}.Release|x86.ActiveCfg = Release|Win32
		{8B4027CC-1AA6-4692-BB63-BBCB50ED5062}.Release|x86.Build.0 = Release|Win32
		{23A6AAE5-1F1C-42F6-98BF-B294944BB66A}.Debug|ARM.ActiveCfg = Debug|ARM
		{23A6AAE5-1F1C-42F6-98BF-B294944BB66A}.Debug|ARM.Build.0 = Debug|ARM
		{23A6AAE5-1F1C-42F6-98BF-B294944BB66A}.Debug|x64.ActiveCfg = Debug|x64
		{23A6AAE5-1F1C-42F6-98BF-B294944BB66A}.Debug|x64.Build.0 = Debug|x64
		{23A6AAE5-1F1C-42F6-98BF-B294944BB66A}.Debug|x86.ActiveCfg = Debug|Win32
		{23A6AAE5-1F1C-42F6-98BF-B294944BB66A}.Debug|x86.Build.0 = Debug|Win32
		{23A6AAE5-1F1C-42F6-98BF-B294944BB66A}.Release|ARM.ActiveCfg = Release|ARM
		{23A6AAE5-1F1C-42F6-98BF-B294944BB66A}.Release|ARM.Build.0 = Release|ARM
		{23A6AAE5-1F1C-42F6-98BF-B294944BB66A}.Release|x64.ActiveCfg = Release|x64
		{23A6AAE5-1F1C-42F6-98BF-B294944BB66A}.Release|x64.Build.0 = Release|x64
		{23A6AAE5-1F1C-42F6-98BF-B294944BB66A}.Release|x86.ActiveCfg = Release|Win32
		{23A6AAE5-1F1C-42F6-98BF-B294944BB66A}.Release|x86.Build.0 = Release|Win32
		{F164B45C-5387-417D-BAF1-BCC061F23E64}.Debug|ARM.ActiveCfg = Debug|ARM
		{F164B45C-5387-417D-BAF1-BCC061F23E64}.Debug|ARM.Build.0 = Debug|ARM
		{F164B45C-5387-417D-BAF1-BCC061F23E64}.Debug|x64.ActiveCfg = Debug|x64
		{F164B45C-5387-417D-BAF1-BCC061F23E64}.Debug|x64.Build.0 = Debug|x64
		{F164B45C-5387-417D-BAF1-BCC061F23E64}.Debug|x86.ActiveCfg = Debug|Win32
		{F164B45C-5387-417D-BAF1-BCC061F23E64}.Debug|x86.Build.0 = Debug|Win32
		{F164B45C-5387-417D-BAF1-BCC061F23E64}.Release|ARM.ActiveCfg = Release|ARM
		{F164B45C-5387-417D-BAF1-BCC061F23E64}.Release|ARM.Build.0 = Release|ARM
		{F164B45C-5387-417D-BAF1-BCC061F23E64}.Release|x64.ActiveCfg = Release|x64
		{F164B45C-5387-417D-BAF1-BCC061F23E64}.Release|x64.Build.0 = Release|x64
		{F164B45C-5387-417D-BAF1-BCC061F23E64}.Release|x86.ActiveCfg = Release|Win32
		{F164B45C-5387-417D-BAF1-BCC061F23E64}.Release|x86.Build.0 = Release|Win32
	EndGlobalSection
	GlobalSection(SolutionProperties) = preSolution
		HideSolutionNode = FALSE
	EndGlobalSection
	GlobalSection(ExtensibilityGlobals) = postSolution
		SolutionGuid = {63F5C86A-856E-4AC6-92AC-C943FAC97017}
	EndGlobalSection
EndGlobal
